// !$*UTF8*$!
{
	archiveVersion = 1;
	classes = {
	};
	objectVersion = 50;
	objects = {

/* Begin PBXBuildFile section */
		2FDAD200E5169163FFC43FB8 /* Pods_SearchDiarySampler.framework in Frameworks */ = {isa = PBXBuildFile; fileRef = CB1B54BFCE09D6D332CE5E21 /* Pods_SearchDiarySampler.framework */; };
		490D23482DE6473985C46E9E /* Pods_SearchDiarySamplerUITests.framework in Frameworks */ = {isa = PBXBuildFile; fileRef = E125659B51B03BDF95264D8F /* Pods_SearchDiarySamplerUITests.framework */; };
		A56D5CB35EBA6F6390AAE817 /* Pods_SearchDiarySamplerTests.framework in Frameworks */ = {isa = PBXBuildFile; fileRef = 68AB8560ECBCA8D6E7314E34 /* Pods_SearchDiarySamplerTests.framework */; };
		D31E45F5229E3BC700007DAB /* DiaryListTableViewCell.swift in Sources */ = {isa = PBXBuildFile; fileRef = D31E45F4229E3BC700007DAB /* DiaryListTableViewCell.swift */; };
		D31E45F7229E3D2800007DAB /* GoogleService-Info.plist in Resources */ = {isa = PBXBuildFile; fileRef = D31E45F6229E3D2800007DAB /* GoogleService-Info.plist */; };
		D3244B6322A0202800B9F733 /* UserManager.swift in Sources */ = {isa = PBXBuildFile; fileRef = D3244B6222A0202800B9F733 /* UserManager.swift */; };
		D3244B6522A02A9C00B9F733 /* Alert.storyboard in Resources */ = {isa = PBXBuildFile; fileRef = D3244B6422A02A9C00B9F733 /* Alert.storyboard */; };
		D349FC6D22992419003AF4B9 /* AppDelegate.swift in Sources */ = {isa = PBXBuildFile; fileRef = D349FC6C22992419003AF4B9 /* AppDelegate.swift */; };
		D349FC6F22992419003AF4B9 /* SignupViewController.swift in Sources */ = {isa = PBXBuildFile; fileRef = D349FC6E22992419003AF4B9 /* SignupViewController.swift */; };
		D349FC7222992419003AF4B9 /* Signup.storyboard in Resources */ = {isa = PBXBuildFile; fileRef = D349FC7022992419003AF4B9 /* Signup.storyboard */; };
		D349FC742299241A003AF4B9 /* Assets.xcassets in Resources */ = {isa = PBXBuildFile; fileRef = D349FC732299241A003AF4B9 /* Assets.xcassets */; };
		D349FC772299241A003AF4B9 /* LaunchScreen.storyboard in Resources */ = {isa = PBXBuildFile; fileRef = D349FC752299241A003AF4B9 /* LaunchScreen.storyboard */; };
		D349FC822299241A003AF4B9 /* SearchDiarySamplerTests.swift in Sources */ = {isa = PBXBuildFile; fileRef = D349FC812299241A003AF4B9 /* SearchDiarySamplerTests.swift */; };
		D349FC8D2299241A003AF4B9 /* SearchDiarySamplerUITests.swift in Sources */ = {isa = PBXBuildFile; fileRef = D349FC8C2299241A003AF4B9 /* SearchDiarySamplerUITests.swift */; };
		D3ADD3E1229F716D000A3935 /* AddDiary.storyboard in Resources */ = {isa = PBXBuildFile; fileRef = D3ADD3E0229F716D000A3935 /* AddDiary.storyboard */; };
		D3BD7040229F764A0066993D /* AddDiaryViewController.swift in Sources */ = {isa = PBXBuildFile; fileRef = D3BD703F229F764A0066993D /* AddDiaryViewController.swift */; };
		D3BD7042229F76700066993D /* AddDiaryViewModel.swift in Sources */ = {isa = PBXBuildFile; fileRef = D3BD7041229F76700066993D /* AddDiaryViewModel.swift */; };
		D3BD7044229F76BD0066993D /* AddDiaryModel.swift in Sources */ = {isa = PBXBuildFile; fileRef = D3BD7043229F76BD0066993D /* AddDiaryModel.swift */; };
		D3BE196A229BE7E3009398AC /* DiaryList.storyboard in Resources */ = {isa = PBXBuildFile; fileRef = D3BE1969229BE7E3009398AC /* DiaryList.storyboard */; };
		D3BE196C229BE818009398AC /* DiaryListViewController.swift in Sources */ = {isa = PBXBuildFile; fileRef = D3BE196B229BE818009398AC /* DiaryListViewController.swift */; };
		D3BE196E229BE822009398AC /* DiaryListViewModel.swift in Sources */ = {isa = PBXBuildFile; fileRef = D3BE196D229BE822009398AC /* DiaryListViewModel.swift */; };
		D3BE1970229BE82D009398AC /* DiaryListModel.swift in Sources */ = {isa = PBXBuildFile; fileRef = D3BE196F229BE82D009398AC /* DiaryListModel.swift */; };
		D3BE918A22992619004E0FB8 /* Entity.swift in Sources */ = {isa = PBXBuildFile; fileRef = D3BE918922992619004E0FB8 /* Entity.swift */; };
		D3BE918C2299262B004E0FB8 /* User.swift in Sources */ = {isa = PBXBuildFile; fileRef = D3BE918B2299262B004E0FB8 /* User.swift */; };
		D3BE918E22992665004E0FB8 /* Diary.swift in Sources */ = {isa = PBXBuildFile; fileRef = D3BE918D22992665004E0FB8 /* Diary.swift */; };
		D3BE9195229927A0004E0FB8 /* SignupViewModel.swift in Sources */ = {isa = PBXBuildFile; fileRef = D3BE9194229927A0004E0FB8 /* SignupViewModel.swift */; };
		D3BE9197229927ED004E0FB8 /* SignupModel.swift in Sources */ = {isa = PBXBuildFile; fileRef = D3BE9196229927ED004E0FB8 /* SignupModel.swift */; };
		D3E7AF17229985C400EB3934 /* String+Extensions.swift in Sources */ = {isa = PBXBuildFile; fileRef = D3E7AF16229985C400EB3934 /* String+Extensions.swift */; };
/* End PBXBuildFile section */

/* Begin PBXContainerItemProxy section */
		D349FC7E2299241A003AF4B9 /* PBXContainerItemProxy */ = {
			isa = PBXContainerItemProxy;
			containerPortal = D349FC6122992419003AF4B9 /* Project object */;
			proxyType = 1;
			remoteGlobalIDString = D349FC6822992419003AF4B9;
			remoteInfo = SearchDiarySampler;
		};
		D349FC892299241A003AF4B9 /* PBXContainerItemProxy */ = {
			isa = PBXContainerItemProxy;
			containerPortal = D349FC6122992419003AF4B9 /* Project object */;
			proxyType = 1;
			remoteGlobalIDString = D349FC6822992419003AF4B9;
			remoteInfo = SearchDiarySampler;
		};
/* End PBXContainerItemProxy section */

/* Begin PBXFileReference section */
		3E264D51D8347A07CAB8BB5D /* Pods-SearchDiarySampler.debug.xcconfig */ = {isa = PBXFileReference; includeInIndex = 1; lastKnownFileType = text.xcconfig; name = "Pods-SearchDiarySampler.debug.xcconfig"; path = "Target Support Files/Pods-SearchDiarySampler/Pods-SearchDiarySampler.debug.xcconfig"; sourceTree = "<group>"; };
		68AB8560ECBCA8D6E7314E34 /* Pods_SearchDiarySamplerTests.framework */ = {isa = PBXFileReference; explicitFileType = wrapper.framework; includeInIndex = 0; path = Pods_SearchDiarySamplerTests.framework; sourceTree = BUILT_PRODUCTS_DIR; };
		764AEE3BD4FC02636F3DC239 /* Pods-SearchDiarySamplerTests.debug.xcconfig */ = {isa = PBXFileReference; includeInIndex = 1; lastKnownFileType = text.xcconfig; name = "Pods-SearchDiarySamplerTests.debug.xcconfig"; path = "Target Support Files/Pods-SearchDiarySamplerTests/Pods-SearchDiarySamplerTests.debug.xcconfig"; sourceTree = "<group>"; };
		9FE8CD82B9F63502642B8297 /* Pods-SearchDiarySamplerUITests.debug.xcconfig */ = {isa = PBXFileReference; includeInIndex = 1; lastKnownFileType = text.xcconfig; name = "Pods-SearchDiarySamplerUITests.debug.xcconfig"; path = "Target Support Files/Pods-SearchDiarySamplerUITests/Pods-SearchDiarySamplerUITests.debug.xcconfig"; sourceTree = "<group>"; };
		CB1B54BFCE09D6D332CE5E21 /* Pods_SearchDiarySampler.framework */ = {isa = PBXFileReference; explicitFileType = wrapper.framework; includeInIndex = 0; path = Pods_SearchDiarySampler.framework; sourceTree = BUILT_PRODUCTS_DIR; };
		D31E45F4229E3BC700007DAB /* DiaryListTableViewCell.swift */ = {isa = PBXFileReference; lastKnownFileType = sourcecode.swift; path = DiaryListTableViewCell.swift; sourceTree = "<group>"; };
		D31E45F6229E3D2800007DAB /* GoogleService-Info.plist */ = {isa = PBXFileReference; fileEncoding = 4; lastKnownFileType = text.plist.xml; path = "GoogleService-Info.plist"; sourceTree = "<group>"; };
		D3244B6222A0202800B9F733 /* UserManager.swift */ = {isa = PBXFileReference; lastKnownFileType = sourcecode.swift; path = UserManager.swift; sourceTree = "<group>"; };
		D3244B6422A02A9C00B9F733 /* Alert.storyboard */ = {isa = PBXFileReference; lastKnownFileType = file.storyboard; path = Alert.storyboard; sourceTree = "<group>"; };
		D349FC6922992419003AF4B9 /* SearchDiarySampler.app */ = {isa = PBXFileReference; explicitFileType = wrapper.application; includeInIndex = 0; path = SearchDiarySampler.app; sourceTree = BUILT_PRODUCTS_DIR; };
		D349FC6C22992419003AF4B9 /* AppDelegate.swift */ = {isa = PBXFileReference; lastKnownFileType = sourcecode.swift; path = AppDelegate.swift; sourceTree = "<group>"; };
		D349FC6E22992419003AF4B9 /* SignupViewController.swift */ = {isa = PBXFileReference; lastKnownFileType = sourcecode.swift; path = SignupViewController.swift; sourceTree = "<group>"; };
		D349FC7122992419003AF4B9 /* Base */ = {isa = PBXFileReference; lastKnownFileType = file.storyboard; name = Base; path = Base.lproj/Signup.storyboard; sourceTree = "<group>"; };
		D349FC732299241A003AF4B9 /* Assets.xcassets */ = {isa = PBXFileReference; lastKnownFileType = folder.assetcatalog; path = Assets.xcassets; sourceTree = "<group>"; };
		D349FC762299241A003AF4B9 /* Base */ = {isa = PBXFileReference; lastKnownFileType = file.storyboard; name = Base; path = Base.lproj/LaunchScreen.storyboard; sourceTree = "<group>"; };
		D349FC782299241A003AF4B9 /* Info.plist */ = {isa = PBXFileReference; lastKnownFileType = text.plist.xml; path = Info.plist; sourceTree = "<group>"; };
		D349FC7D2299241A003AF4B9 /* SearchDiarySamplerTests.xctest */ = {isa = PBXFileReference; explicitFileType = wrapper.cfbundle; includeInIndex = 0; path = SearchDiarySamplerTests.xctest; sourceTree = BUILT_PRODUCTS_DIR; };
		D349FC812299241A003AF4B9 /* SearchDiarySamplerTests.swift */ = {isa = PBXFileReference; lastKnownFileType = sourcecode.swift; path = SearchDiarySamplerTests.swift; sourceTree = "<group>"; };
		D349FC832299241A003AF4B9 /* Info.plist */ = {isa = PBXFileReference; lastKnownFileType = text.plist.xml; path = Info.plist; sourceTree = "<group>"; };
		D349FC882299241A003AF4B9 /* SearchDiarySamplerUITests.xctest */ = {isa = PBXFileReference; explicitFileType = wrapper.cfbundle; includeInIndex = 0; path = SearchDiarySamplerUITests.xctest; sourceTree = BUILT_PRODUCTS_DIR; };
		D349FC8C2299241A003AF4B9 /* SearchDiarySamplerUITests.swift */ = {isa = PBXFileReference; lastKnownFileType = sourcecode.swift; path = SearchDiarySamplerUITests.swift; sourceTree = "<group>"; };
		D349FC8E2299241A003AF4B9 /* Info.plist */ = {isa = PBXFileReference; lastKnownFileType = text.plist.xml; path = Info.plist; sourceTree = "<group>"; };
		D3ADD3E0229F716D000A3935 /* AddDiary.storyboard */ = {isa = PBXFileReference; lastKnownFileType = file.storyboard; path = AddDiary.storyboard; sourceTree = "<group>"; };
		D3BD703F229F764A0066993D /* AddDiaryViewController.swift */ = {isa = PBXFileReference; lastKnownFileType = sourcecode.swift; path = AddDiaryViewController.swift; sourceTree = "<group>"; };
		D3BD7041229F76700066993D /* AddDiaryViewModel.swift */ = {isa = PBXFileReference; lastKnownFileType = sourcecode.swift; path = AddDiaryViewModel.swift; sourceTree = "<group>"; };
		D3BD7043229F76BD0066993D /* AddDiaryModel.swift */ = {isa = PBXFileReference; lastKnownFileType = sourcecode.swift; path = AddDiaryModel.swift; sourceTree = "<group>"; };
		D3BE1969229BE7E3009398AC /* DiaryList.storyboard */ = {isa = PBXFileReference; lastKnownFileType = file.storyboard; path = DiaryList.storyboard; sourceTree = "<group>"; };
		D3BE196B229BE818009398AC /* DiaryListViewController.swift */ = {isa = PBXFileReference; lastKnownFileType = sourcecode.swift; path = DiaryListViewController.swift; sourceTree = "<group>"; };
		D3BE196D229BE822009398AC /* DiaryListViewModel.swift */ = {isa = PBXFileReference; lastKnownFileType = sourcecode.swift; path = DiaryListViewModel.swift; sourceTree = "<group>"; };
		D3BE196F229BE82D009398AC /* DiaryListModel.swift */ = {isa = PBXFileReference; lastKnownFileType = sourcecode.swift; path = DiaryListModel.swift; sourceTree = "<group>"; };
		D3BE918922992619004E0FB8 /* Entity.swift */ = {isa = PBXFileReference; lastKnownFileType = sourcecode.swift; path = Entity.swift; sourceTree = "<group>"; };
		D3BE918B2299262B004E0FB8 /* User.swift */ = {isa = PBXFileReference; lastKnownFileType = sourcecode.swift; path = User.swift; sourceTree = "<group>"; };
		D3BE918D22992665004E0FB8 /* Diary.swift */ = {isa = PBXFileReference; lastKnownFileType = sourcecode.swift; path = Diary.swift; sourceTree = "<group>"; };
		D3BE9194229927A0004E0FB8 /* SignupViewModel.swift */ = {isa = PBXFileReference; lastKnownFileType = sourcecode.swift; path = SignupViewModel.swift; sourceTree = "<group>"; };
		D3BE9196229927ED004E0FB8 /* SignupModel.swift */ = {isa = PBXFileReference; lastKnownFileType = sourcecode.swift; path = SignupModel.swift; sourceTree = "<group>"; };
		D3E7AF16229985C400EB3934 /* String+Extensions.swift */ = {isa = PBXFileReference; lastKnownFileType = sourcecode.swift; path = "String+Extensions.swift"; sourceTree = "<group>"; };
		DA0FA0DDEB657E2AC64C2334 /* Pods-SearchDiarySampler.release.xcconfig */ = {isa = PBXFileReference; includeInIndex = 1; lastKnownFileType = text.xcconfig; name = "Pods-SearchDiarySampler.release.xcconfig"; path = "Target Support Files/Pods-SearchDiarySampler/Pods-SearchDiarySampler.release.xcconfig"; sourceTree = "<group>"; };
		E125659B51B03BDF95264D8F /* Pods_SearchDiarySamplerUITests.framework */ = {isa = PBXFileReference; explicitFileType = wrapper.framework; includeInIndex = 0; path = Pods_SearchDiarySamplerUITests.framework; sourceTree = BUILT_PRODUCTS_DIR; };
		FB860F0938437B73569F3BDD /* Pods-SearchDiarySamplerUITests.release.xcconfig */ = {isa = PBXFileReference; includeInIndex = 1; lastKnownFileType = text.xcconfig; name = "Pods-SearchDiarySamplerUITests.release.xcconfig"; path = "Target Support Files/Pods-SearchDiarySamplerUITests/Pods-SearchDiarySamplerUITests.release.xcconfig"; sourceTree = "<group>"; };
		FFD54DD6658C01D20548476C /* Pods-SearchDiarySamplerTests.release.xcconfig */ = {isa = PBXFileReference; includeInIndex = 1; lastKnownFileType = text.xcconfig; name = "Pods-SearchDiarySamplerTests.release.xcconfig"; path = "Target Support Files/Pods-SearchDiarySamplerTests/Pods-SearchDiarySamplerTests.release.xcconfig"; sourceTree = "<group>"; };
/* End PBXFileReference section */

/* Begin PBXFrameworksBuildPhase section */
		D349FC6622992419003AF4B9 /* Frameworks */ = {
			isa = PBXFrameworksBuildPhase;
			buildActionMask = 2147483647;
			files = (
				2FDAD200E5169163FFC43FB8 /* Pods_SearchDiarySampler.framework in Frameworks */,
			);
			runOnlyForDeploymentPostprocessing = 0;
		};
		D349FC7A2299241A003AF4B9 /* Frameworks */ = {
			isa = PBXFrameworksBuildPhase;
			buildActionMask = 2147483647;
			files = (
				A56D5CB35EBA6F6390AAE817 /* Pods_SearchDiarySamplerTests.framework in Frameworks */,
			);
			runOnlyForDeploymentPostprocessing = 0;
		};
		D349FC852299241A003AF4B9 /* Frameworks */ = {
			isa = PBXFrameworksBuildPhase;
			buildActionMask = 2147483647;
			files = (
				490D23482DE6473985C46E9E /* Pods_SearchDiarySamplerUITests.framework in Frameworks */,
			);
			runOnlyForDeploymentPostprocessing = 0;
		};
/* End PBXFrameworksBuildPhase section */

/* Begin PBXGroup section */
		D31E45F3229E3BB700007DAB /* View */ = {
			isa = PBXGroup;
			children = (
				D31E45F4229E3BC700007DAB /* DiaryListTableViewCell.swift */,
			);
			path = View;
			sourceTree = "<group>";
		};
		D349FC6022992419003AF4B9 = {
			isa = PBXGroup;
			children = (
				D349FC6B22992419003AF4B9 /* SearchDiarySampler */,
				D349FC802299241A003AF4B9 /* SearchDiarySamplerTests */,
				D349FC8B2299241A003AF4B9 /* SearchDiarySamplerUITests */,
				D349FC6A22992419003AF4B9 /* Products */,
				D6E1A93D8BEAEC77D5C981CE /* Pods */,
				FDC2EC149148AEA196AB3D38 /* Frameworks */,
			);
			sourceTree = "<group>";
		};
		D349FC6A22992419003AF4B9 /* Products */ = {
			isa = PBXGroup;
			children = (
				D349FC6922992419003AF4B9 /* SearchDiarySampler.app */,
				D349FC7D2299241A003AF4B9 /* SearchDiarySamplerTests.xctest */,
				D349FC882299241A003AF4B9 /* SearchDiarySamplerUITests.xctest */,
			);
			name = Products;
			sourceTree = "<group>";
		};
		D349FC6B22992419003AF4B9 /* SearchDiarySampler */ = {
			isa = PBXGroup;
			children = (
				D3BE9184229924BB004E0FB8 /* Resources */,
				D3BE9185229924CB004E0FB8 /* Source */,
			);
			path = SearchDiarySampler;
			sourceTree = "<group>";
		};
		D349FC802299241A003AF4B9 /* SearchDiarySamplerTests */ = {
			isa = PBXGroup;
			children = (
				D349FC812299241A003AF4B9 /* SearchDiarySamplerTests.swift */,
				D349FC832299241A003AF4B9 /* Info.plist */,
			);
			path = SearchDiarySamplerTests;
			sourceTree = "<group>";
		};
		D349FC8B2299241A003AF4B9 /* SearchDiarySamplerUITests */ = {
			isa = PBXGroup;
			children = (
				D349FC8C2299241A003AF4B9 /* SearchDiarySamplerUITests.swift */,
				D349FC8E2299241A003AF4B9 /* Info.plist */,
			);
			path = SearchDiarySamplerUITests;
			sourceTree = "<group>";
		};
		D3BE9184229924BB004E0FB8 /* Resources */ = {
			isa = PBXGroup;
			children = (
				D3BE91922299274D004E0FB8 /* Plist */,
				D3BE919122992744004E0FB8 /* Storyboard */,
				D349FC732299241A003AF4B9 /* Assets.xcassets */,
			);
			path = Resources;
			sourceTree = "<group>";
		};
		D3BE9185229924CB004E0FB8 /* Source */ = {
			isa = PBXGroup;
			children = (
				D349FC6C22992419003AF4B9 /* AppDelegate.swift */,
				D3244B6222A0202800B9F733 /* UserManager.swift */,
				D3BE91882299260F004E0FB8 /* Data */,
				D3E7AF15229985B200EB3934 /* Extension */,
				D3BE91932299277B004E0FB8 /* Model */,
				D31E45F3229E3BB700007DAB /* View */,
				D3BE918F2299272C004E0FB8 /* ViewController */,
				D3BE919022992733004E0FB8 /* ViewModel */,
			);
			path = Source;
			sourceTree = "<group>";
		};
		D3BE91882299260F004E0FB8 /* Data */ = {
			isa = PBXGroup;
			children = (
				D3BE918922992619004E0FB8 /* Entity.swift */,
				D3BE918B2299262B004E0FB8 /* User.swift */,
				D3BE918D22992665004E0FB8 /* Diary.swift */,
			);
			path = Data;
			sourceTree = "<group>";
		};
		D3BE918F2299272C004E0FB8 /* ViewController */ = {
			isa = PBXGroup;
			children = (
				D349FC6E22992419003AF4B9 /* SignupViewController.swift */,
				D3BE196B229BE818009398AC /* DiaryListViewController.swift */,
				D3BD703F229F764A0066993D /* AddDiaryViewController.swift */,
			);
			path = ViewController;
			sourceTree = "<group>";
		};
		D3BE919022992733004E0FB8 /* ViewModel */ = {
			isa = PBXGroup;
			children = (
				D3BE9194229927A0004E0FB8 /* SignupViewModel.swift */,
				D3BE196D229BE822009398AC /* DiaryListViewModel.swift */,
				D3BD7041229F76700066993D /* AddDiaryViewModel.swift */,
			);
			path = ViewModel;
			sourceTree = "<group>";
		};
		D3BE919122992744004E0FB8 /* Storyboard */ = {
			isa = PBXGroup;
			children = (
				D3BE1969229BE7E3009398AC /* DiaryList.storyboard */,
				D349FC752299241A003AF4B9 /* LaunchScreen.storyboard */,
				D349FC7022992419003AF4B9 /* Signup.storyboard */,
				D3ADD3E0229F716D000A3935 /* AddDiary.storyboard */,
				D3244B6422A02A9C00B9F733 /* Alert.storyboard */,
			);
			path = Storyboard;
			sourceTree = "<group>";
		};
		D3BE91922299274D004E0FB8 /* Plist */ = {
			isa = PBXGroup;
			children = (
				D349FC782299241A003AF4B9 /* Info.plist */,
				D31E45F6229E3D2800007DAB /* GoogleService-Info.plist */,
			);
			path = Plist;
			sourceTree = "<group>";
		};
		D3BE91932299277B004E0FB8 /* Model */ = {
			isa = PBXGroup;
			children = (
				D3BE9196229927ED004E0FB8 /* SignupModel.swift */,
				D3BE196F229BE82D009398AC /* DiaryListModel.swift */,
				D3BD7043229F76BD0066993D /* AddDiaryModel.swift */,
			);
			path = Model;
			sourceTree = "<group>";
		};
		D3E7AF15229985B200EB3934 /* Extension */ = {
			isa = PBXGroup;
			children = (
				D3E7AF16229985C400EB3934 /* String+Extensions.swift */,
			);
			path = Extension;
			sourceTree = "<group>";
		};
		D6E1A93D8BEAEC77D5C981CE /* Pods */ = {
			isa = PBXGroup;
			children = (
				3E264D51D8347A07CAB8BB5D /* Pods-SearchDiarySampler.debug.xcconfig */,
				DA0FA0DDEB657E2AC64C2334 /* Pods-SearchDiarySampler.release.xcconfig */,
				764AEE3BD4FC02636F3DC239 /* Pods-SearchDiarySamplerTests.debug.xcconfig */,
				FFD54DD6658C01D20548476C /* Pods-SearchDiarySamplerTests.release.xcconfig */,
				9FE8CD82B9F63502642B8297 /* Pods-SearchDiarySamplerUITests.debug.xcconfig */,
				FB860F0938437B73569F3BDD /* Pods-SearchDiarySamplerUITests.release.xcconfig */,
			);
			path = Pods;
			sourceTree = "<group>";
		};
		FDC2EC149148AEA196AB3D38 /* Frameworks */ = {
			isa = PBXGroup;
			children = (
				CB1B54BFCE09D6D332CE5E21 /* Pods_SearchDiarySampler.framework */,
				68AB8560ECBCA8D6E7314E34 /* Pods_SearchDiarySamplerTests.framework */,
				E125659B51B03BDF95264D8F /* Pods_SearchDiarySamplerUITests.framework */,
			);
			name = Frameworks;
			sourceTree = "<group>";
		};
/* End PBXGroup section */

/* Begin PBXNativeTarget section */
		D349FC6822992419003AF4B9 /* SearchDiarySampler */ = {
			isa = PBXNativeTarget;
			buildConfigurationList = D349FC912299241A003AF4B9 /* Build configuration list for PBXNativeTarget "SearchDiarySampler" */;
			buildPhases = (
				766A3FB48F6EB8A2F37A3C02 /* [CP] Check Pods Manifest.lock */,
				D349FC6522992419003AF4B9 /* Sources */,
				D349FC6622992419003AF4B9 /* Frameworks */,
				D349FC6722992419003AF4B9 /* Resources */,
				8CD1B61B3BA76CE4E6B5256D /* [CP] Embed Pods Frameworks */,
			);
			buildRules = (
			);
			dependencies = (
			);
			name = SearchDiarySampler;
			productName = SearchDiarySampler;
			productReference = D349FC6922992419003AF4B9 /* SearchDiarySampler.app */;
			productType = "com.apple.product-type.application";
		};
		D349FC7C2299241A003AF4B9 /* SearchDiarySamplerTests */ = {
			isa = PBXNativeTarget;
			buildConfigurationList = D349FC942299241A003AF4B9 /* Build configuration list for PBXNativeTarget "SearchDiarySamplerTests" */;
			buildPhases = (
				711384FB79B680819CFD0318 /* [CP] Check Pods Manifest.lock */,
				D349FC792299241A003AF4B9 /* Sources */,
				D349FC7A2299241A003AF4B9 /* Frameworks */,
				D349FC7B2299241A003AF4B9 /* Resources */,
			);
			buildRules = (
			);
			dependencies = (
				D349FC7F2299241A003AF4B9 /* PBXTargetDependency */,
			);
			name = SearchDiarySamplerTests;
			productName = SearchDiarySamplerTests;
			productReference = D349FC7D2299241A003AF4B9 /* SearchDiarySamplerTests.xctest */;
			productType = "com.apple.product-type.bundle.unit-test";
		};
		D349FC872299241A003AF4B9 /* SearchDiarySamplerUITests */ = {
			isa = PBXNativeTarget;
			buildConfigurationList = D349FC972299241A003AF4B9 /* Build configuration list for PBXNativeTarget "SearchDiarySamplerUITests" */;
			buildPhases = (
				E7E84AB21A017CF3D54AFD4D /* [CP] Check Pods Manifest.lock */,
				D349FC842299241A003AF4B9 /* Sources */,
				D349FC852299241A003AF4B9 /* Frameworks */,
				D349FC862299241A003AF4B9 /* Resources */,
			);
			buildRules = (
			);
			dependencies = (
				D349FC8A2299241A003AF4B9 /* PBXTargetDependency */,
			);
			name = SearchDiarySamplerUITests;
			productName = SearchDiarySamplerUITests;
			productReference = D349FC882299241A003AF4B9 /* SearchDiarySamplerUITests.xctest */;
			productType = "com.apple.product-type.bundle.ui-testing";
		};
/* End PBXNativeTarget section */

/* Begin PBXProject section */
		D349FC6122992419003AF4B9 /* Project object */ = {
			isa = PBXProject;
			attributes = {
				LastSwiftUpdateCheck = 1020;
				LastUpgradeCheck = 1020;
				ORGANIZATIONNAME = "Fumiya Tanaka";
				TargetAttributes = {
					D349FC6822992419003AF4B9 = {
						CreatedOnToolsVersion = 10.2.1;
					};
					D349FC7C2299241A003AF4B9 = {
						CreatedOnToolsVersion = 10.2.1;
						TestTargetID = D349FC6822992419003AF4B9;
					};
					D349FC872299241A003AF4B9 = {
						CreatedOnToolsVersion = 10.2.1;
						TestTargetID = D349FC6822992419003AF4B9;
					};
				};
			};
			buildConfigurationList = D349FC6422992419003AF4B9 /* Build configuration list for PBXProject "SearchDiarySampler" */;
			compatibilityVersion = "Xcode 9.3";
			developmentRegion = en;
			hasScannedForEncodings = 0;
			knownRegions = (
				en,
				Base,
			);
			mainGroup = D349FC6022992419003AF4B9;
			productRefGroup = D349FC6A22992419003AF4B9 /* Products */;
			projectDirPath = "";
			projectRoot = "";
			targets = (
				D349FC6822992419003AF4B9 /* SearchDiarySampler */,
				D349FC7C2299241A003AF4B9 /* SearchDiarySamplerTests */,
				D349FC872299241A003AF4B9 /* SearchDiarySamplerUITests */,
			);
		};
/* End PBXProject section */

/* Begin PBXResourcesBuildPhase section */
		D349FC6722992419003AF4B9 /* Resources */ = {
			isa = PBXResourcesBuildPhase;
			buildActionMask = 2147483647;
			files = (
				D349FC772299241A003AF4B9 /* LaunchScreen.storyboard in Resources */,
				D349FC742299241A003AF4B9 /* Assets.xcassets in Resources */,
				D3244B6522A02A9C00B9F733 /* Alert.storyboard in Resources */,
				D31E45F7229E3D2800007DAB /* GoogleService-Info.plist in Resources */,
				D349FC7222992419003AF4B9 /* Signup.storyboard in Resources */,
				D3ADD3E1229F716D000A3935 /* AddDiary.storyboard in Resources */,
				D3BE196A229BE7E3009398AC /* DiaryList.storyboard in Resources */,
			);
			runOnlyForDeploymentPostprocessing = 0;
		};
		D349FC7B2299241A003AF4B9 /* Resources */ = {
			isa = PBXResourcesBuildPhase;
			buildActionMask = 2147483647;
			files = (
			);
			runOnlyForDeploymentPostprocessing = 0;
		};
		D349FC862299241A003AF4B9 /* Resources */ = {
			isa = PBXResourcesBuildPhase;
			buildActionMask = 2147483647;
			files = (
			);
			runOnlyForDeploymentPostprocessing = 0;
		};
/* End PBXResourcesBuildPhase section */

/* Begin PBXShellScriptBuildPhase section */
		711384FB79B680819CFD0318 /* [CP] Check Pods Manifest.lock */ = {
			isa = PBXShellScriptBuildPhase;
			buildActionMask = 2147483647;
			files = (
			);
			inputFileListPaths = (
			);
			inputPaths = (
				"${PODS_PODFILE_DIR_PATH}/Podfile.lock",
				"${PODS_ROOT}/Manifest.lock",
			);
			name = "[CP] Check Pods Manifest.lock";
			outputFileListPaths = (
			);
			outputPaths = (
				"$(DERIVED_FILE_DIR)/Pods-SearchDiarySamplerTests-checkManifestLockResult.txt",
			);
			runOnlyForDeploymentPostprocessing = 0;
			shellPath = /bin/sh;
			shellScript = "diff \"${PODS_PODFILE_DIR_PATH}/Podfile.lock\" \"${PODS_ROOT}/Manifest.lock\" > /dev/null\nif [ $? != 0 ] ; then\n    # print error to STDERR\n    echo \"error: The sandbox is not in sync with the Podfile.lock. Run 'pod install' or update your CocoaPods installation.\" >&2\n    exit 1\nfi\n# This output is used by Xcode 'outputs' to avoid re-running this script phase.\necho \"SUCCESS\" > \"${SCRIPT_OUTPUT_FILE_0}\"\n";
			showEnvVarsInLog = 0;
		};
		766A3FB48F6EB8A2F37A3C02 /* [CP] Check Pods Manifest.lock */ = {
			isa = PBXShellScriptBuildPhase;
			buildActionMask = 2147483647;
			files = (
			);
			inputFileListPaths = (
			);
			inputPaths = (
				"${PODS_PODFILE_DIR_PATH}/Podfile.lock",
				"${PODS_ROOT}/Manifest.lock",
			);
			name = "[CP] Check Pods Manifest.lock";
			outputFileListPaths = (
			);
			outputPaths = (
				"$(DERIVED_FILE_DIR)/Pods-SearchDiarySampler-checkManifestLockResult.txt",
			);
			runOnlyForDeploymentPostprocessing = 0;
			shellPath = /bin/sh;
			shellScript = "diff \"${PODS_PODFILE_DIR_PATH}/Podfile.lock\" \"${PODS_ROOT}/Manifest.lock\" > /dev/null\nif [ $? != 0 ] ; then\n    # print error to STDERR\n    echo \"error: The sandbox is not in sync with the Podfile.lock. Run 'pod install' or update your CocoaPods installation.\" >&2\n    exit 1\nfi\n# This output is used by Xcode 'outputs' to avoid re-running this script phase.\necho \"SUCCESS\" > \"${SCRIPT_OUTPUT_FILE_0}\"\n";
			showEnvVarsInLog = 0;
		};
		8CD1B61B3BA76CE4E6B5256D /* [CP] Embed Pods Frameworks */ = {
			isa = PBXShellScriptBuildPhase;
			buildActionMask = 2147483647;
			files = (
			);
			inputFileListPaths = (
			);
			inputPaths = (
				"${PODS_ROOT}/Target Support Files/Pods-SearchDiarySampler/Pods-SearchDiarySampler-frameworks.sh",
				"${BUILT_PRODUCTS_DIR}/BoringSSL-GRPC/openssl_grpc.framework",
				"${BUILT_PRODUCTS_DIR}/Differentiator/Differentiator.framework",
				"${BUILT_PRODUCTS_DIR}/GTMSessionFetcher/GTMSessionFetcher.framework",
				"${BUILT_PRODUCTS_DIR}/GoogleUtilities/GoogleUtilities.framework",
				"${BUILT_PRODUCTS_DIR}/Protobuf/Protobuf.framework",
				"${BUILT_PRODUCTS_DIR}/RxCocoa/RxCocoa.framework",
				"${BUILT_PRODUCTS_DIR}/RxDataSources/RxDataSources.framework",
				"${BUILT_PRODUCTS_DIR}/RxOptional/RxOptional.framework",
				"${BUILT_PRODUCTS_DIR}/RxRelay/RxRelay.framework",
				"${BUILT_PRODUCTS_DIR}/RxSwift/RxSwift.framework",
				"${BUILT_PRODUCTS_DIR}/gRPC-C++/grpcpp.framework",
				"${BUILT_PRODUCTS_DIR}/gRPC-Core/grpc.framework",
				"${BUILT_PRODUCTS_DIR}/leveldb-library/leveldb.framework",
				"${BUILT_PRODUCTS_DIR}/nanopb/nanopb.framework",
			);
			name = "[CP] Embed Pods Frameworks";
			outputFileListPaths = (
			);
			outputPaths = (
				"${TARGET_BUILD_DIR}/${FRAMEWORKS_FOLDER_PATH}/openssl_grpc.framework",
				"${TARGET_BUILD_DIR}/${FRAMEWORKS_FOLDER_PATH}/Differentiator.framework",
				"${TARGET_BUILD_DIR}/${FRAMEWORKS_FOLDER_PATH}/GTMSessionFetcher.framework",
				"${TARGET_BUILD_DIR}/${FRAMEWORKS_FOLDER_PATH}/GoogleUtilities.framework",
				"${TARGET_BUILD_DIR}/${FRAMEWORKS_FOLDER_PATH}/Protobuf.framework",
				"${TARGET_BUILD_DIR}/${FRAMEWORKS_FOLDER_PATH}/RxCocoa.framework",
				"${TARGET_BUILD_DIR}/${FRAMEWORKS_FOLDER_PATH}/RxDataSources.framework",
				"${TARGET_BUILD_DIR}/${FRAMEWORKS_FOLDER_PATH}/RxOptional.framework",
				"${TARGET_BUILD_DIR}/${FRAMEWORKS_FOLDER_PATH}/RxRelay.framework",
				"${TARGET_BUILD_DIR}/${FRAMEWORKS_FOLDER_PATH}/RxSwift.framework",
				"${TARGET_BUILD_DIR}/${FRAMEWORKS_FOLDER_PATH}/grpcpp.framework",
				"${TARGET_BUILD_DIR}/${FRAMEWORKS_FOLDER_PATH}/grpc.framework",
				"${TARGET_BUILD_DIR}/${FRAMEWORKS_FOLDER_PATH}/leveldb.framework",
				"${TARGET_BUILD_DIR}/${FRAMEWORKS_FOLDER_PATH}/nanopb.framework",
			);
			runOnlyForDeploymentPostprocessing = 0;
			shellPath = /bin/sh;
			shellScript = "\"${PODS_ROOT}/Target Support Files/Pods-SearchDiarySampler/Pods-SearchDiarySampler-frameworks.sh\"\n";
			showEnvVarsInLog = 0;
		};
		E7E84AB21A017CF3D54AFD4D /* [CP] Check Pods Manifest.lock */ = {
			isa = PBXShellScriptBuildPhase;
			buildActionMask = 2147483647;
			files = (
			);
			inputFileListPaths = (
			);
			inputPaths = (
				"${PODS_PODFILE_DIR_PATH}/Podfile.lock",
				"${PODS_ROOT}/Manifest.lock",
			);
			name = "[CP] Check Pods Manifest.lock";
			outputFileListPaths = (
			);
			outputPaths = (
				"$(DERIVED_FILE_DIR)/Pods-SearchDiarySamplerUITests-checkManifestLockResult.txt",
			);
			runOnlyForDeploymentPostprocessing = 0;
			shellPath = /bin/sh;
			shellScript = "diff \"${PODS_PODFILE_DIR_PATH}/Podfile.lock\" \"${PODS_ROOT}/Manifest.lock\" > /dev/null\nif [ $? != 0 ] ; then\n    # print error to STDERR\n    echo \"error: The sandbox is not in sync with the Podfile.lock. Run 'pod install' or update your CocoaPods installation.\" >&2\n    exit 1\nfi\n# This output is used by Xcode 'outputs' to avoid re-running this script phase.\necho \"SUCCESS\" > \"${SCRIPT_OUTPUT_FILE_0}\"\n";
			showEnvVarsInLog = 0;
		};
/* End PBXShellScriptBuildPhase section */

/* Begin PBXSourcesBuildPhase section */
		D349FC6522992419003AF4B9 /* Sources */ = {
			isa = PBXSourcesBuildPhase;
			buildActionMask = 2147483647;
			files = (
				D3BE196E229BE822009398AC /* DiaryListViewModel.swift in Sources */,
				D3BE9195229927A0004E0FB8 /* SignupViewModel.swift in Sources */,
				D3BD7044229F76BD0066993D /* AddDiaryModel.swift in Sources */,
				D3BE1970229BE82D009398AC /* DiaryListModel.swift in Sources */,
				D31E45F5229E3BC700007DAB /* DiaryListTableViewCell.swift in Sources */,
				D3BE918C2299262B004E0FB8 /* User.swift in Sources */,
				D3244B6322A0202800B9F733 /* UserManager.swift in Sources */,
				D3BE918E22992665004E0FB8 /* Diary.swift in Sources */,
				D349FC6F22992419003AF4B9 /* SignupViewController.swift in Sources */,
				D349FC6D22992419003AF4B9 /* AppDelegate.swift in Sources */,
				D3BE9197229927ED004E0FB8 /* SignupModel.swift in Sources */,
				D3BE918A22992619004E0FB8 /* Entity.swift in Sources */,
				D3BD7042229F76700066993D /* AddDiaryViewModel.swift in Sources */,
				D3BE196C229BE818009398AC /* DiaryListViewController.swift in Sources */,
				D3BD7040229F764A0066993D /* AddDiaryViewController.swift in Sources */,
				D3E7AF17229985C400EB3934 /* String+Extensions.swift in Sources */,
			);
			runOnlyForDeploymentPostprocessing = 0;
		};
		D349FC792299241A003AF4B9 /* Sources */ = {
			isa = PBXSourcesBuildPhase;
			buildActionMask = 2147483647;
			files = (
				D349FC822299241A003AF4B9 /* SearchDiarySamplerTests.swift in Sources */,
			);
			runOnlyForDeploymentPostprocessing = 0;
		};
		D349FC842299241A003AF4B9 /* Sources */ = {
			isa = PBXSourcesBuildPhase;
			buildActionMask = 2147483647;
			files = (
				D349FC8D2299241A003AF4B9 /* SearchDiarySamplerUITests.swift in Sources */,
			);
			runOnlyForDeploymentPostprocessing = 0;
		};
/* End PBXSourcesBuildPhase section */

/* Begin PBXTargetDependency section */
		D349FC7F2299241A003AF4B9 /* PBXTargetDependency */ = {
			isa = PBXTargetDependency;
			target = D349FC6822992419003AF4B9 /* SearchDiarySampler */;
			targetProxy = D349FC7E2299241A003AF4B9 /* PBXContainerItemProxy */;
		};
		D349FC8A2299241A003AF4B9 /* PBXTargetDependency */ = {
			isa = PBXTargetDependency;
			target = D349FC6822992419003AF4B9 /* SearchDiarySampler */;
			targetProxy = D349FC892299241A003AF4B9 /* PBXContainerItemProxy */;
		};
/* End PBXTargetDependency section */

/* Begin PBXVariantGroup section */
		D349FC7022992419003AF4B9 /* Signup.storyboard */ = {
			isa = PBXVariantGroup;
			children = (
				D349FC7122992419003AF4B9 /* Base */,
			);
			name = Signup.storyboard;
			sourceTree = "<group>";
		};
		D349FC752299241A003AF4B9 /* LaunchScreen.storyboard */ = {
			isa = PBXVariantGroup;
			children = (
				D349FC762299241A003AF4B9 /* Base */,
			);
			name = LaunchScreen.storyboard;
			sourceTree = "<group>";
		};
/* End PBXVariantGroup section */

/* Begin XCBuildConfiguration section */
		D349FC8F2299241A003AF4B9 /* Debug */ = {
			isa = XCBuildConfiguration;
			buildSettings = {
				ALWAYS_SEARCH_USER_PATHS = NO;
				CLANG_ANALYZER_NONNULL = YES;
				CLANG_ANALYZER_NUMBER_OBJECT_CONVERSION = YES_AGGRESSIVE;
				CLANG_CXX_LANGUAGE_STANDARD = "gnu++14";
				CLANG_CXX_LIBRARY = "libc++";
				CLANG_ENABLE_MODULES = YES;
				CLANG_ENABLE_OBJC_ARC = YES;
				CLANG_ENABLE_OBJC_WEAK = YES;
				CLANG_WARN_BLOCK_CAPTURE_AUTORELEASING = YES;
				CLANG_WARN_BOOL_CONVERSION = YES;
				CLANG_WARN_COMMA = YES;
				CLANG_WARN_CONSTANT_CONVERSION = YES;
				CLANG_WARN_DEPRECATED_OBJC_IMPLEMENTATIONS = YES;
				CLANG_WARN_DIRECT_OBJC_ISA_USAGE = YES_ERROR;
				CLANG_WARN_DOCUMENTATION_COMMENTS = YES;
				CLANG_WARN_EMPTY_BODY = YES;
				CLANG_WARN_ENUM_CONVERSION = YES;
				CLANG_WARN_INFINITE_RECURSION = YES;
				CLANG_WARN_INT_CONVERSION = YES;
				CLANG_WARN_NON_LITERAL_NULL_CONVERSION = YES;
				CLANG_WARN_OBJC_IMPLICIT_RETAIN_SELF = YES;
				CLANG_WARN_OBJC_LITERAL_CONVERSION = YES;
				CLANG_WARN_OBJC_ROOT_CLASS = YES_ERROR;
				CLANG_WARN_RANGE_LOOP_ANALYSIS = YES;
				CLANG_WARN_STRICT_PROTOTYPES = YES;
				CLANG_WARN_SUSPICIOUS_MOVE = YES;
				CLANG_WARN_UNGUARDED_AVAILABILITY = YES_AGGRESSIVE;
				CLANG_WARN_UNREACHABLE_CODE = YES;
				CLANG_WARN__DUPLICATE_METHOD_MATCH = YES;
				CODE_SIGN_IDENTITY = "iPhone Developer";
				COPY_PHASE_STRIP = NO;
				DEBUG_INFORMATION_FORMAT = dwarf;
				ENABLE_STRICT_OBJC_MSGSEND = YES;
				ENABLE_TESTABILITY = YES;
				GCC_C_LANGUAGE_STANDARD = gnu11;
				GCC_DYNAMIC_NO_PIC = NO;
				GCC_NO_COMMON_BLOCKS = YES;
				GCC_OPTIMIZATION_LEVEL = 0;
				GCC_PREPROCESSOR_DEFINITIONS = (
					"DEBUG=1",
					"$(inherited)",
				);
				GCC_WARN_64_TO_32_BIT_CONVERSION = YES;
				GCC_WARN_ABOUT_RETURN_TYPE = YES_ERROR;
				GCC_WARN_UNDECLARED_SELECTOR = YES;
				GCC_WARN_UNINITIALIZED_AUTOS = YES_AGGRESSIVE;
				GCC_WARN_UNUSED_FUNCTION = YES;
				GCC_WARN_UNUSED_VARIABLE = YES;
				IPHONEOS_DEPLOYMENT_TARGET = 12.2;
				MTL_ENABLE_DEBUG_INFO = INCLUDE_SOURCE;
				MTL_FAST_MATH = YES;
				ONLY_ACTIVE_ARCH = YES;
				SDKROOT = iphoneos;
				SWIFT_ACTIVE_COMPILATION_CONDITIONS = DEBUG;
				SWIFT_OPTIMIZATION_LEVEL = "-Onone";
			};
			name = Debug;
		};
		D349FC902299241A003AF4B9 /* Release */ = {
			isa = XCBuildConfiguration;
			buildSettings = {
				ALWAYS_SEARCH_USER_PATHS = NO;
				CLANG_ANALYZER_NONNULL = YES;
				CLANG_ANALYZER_NUMBER_OBJECT_CONVERSION = YES_AGGRESSIVE;
				CLANG_CXX_LANGUAGE_STANDARD = "gnu++14";
				CLANG_CXX_LIBRARY = "libc++";
				CLANG_ENABLE_MODULES = YES;
				CLANG_ENABLE_OBJC_ARC = YES;
				CLANG_ENABLE_OBJC_WEAK = YES;
				CLANG_WARN_BLOCK_CAPTURE_AUTORELEASING = YES;
				CLANG_WARN_BOOL_CONVERSION = YES;
				CLANG_WARN_COMMA = YES;
				CLANG_WARN_CONSTANT_CONVERSION = YES;
				CLANG_WARN_DEPRECATED_OBJC_IMPLEMENTATIONS = YES;
				CLANG_WARN_DIRECT_OBJC_ISA_USAGE = YES_ERROR;
				CLANG_WARN_DOCUMENTATION_COMMENTS = YES;
				CLANG_WARN_EMPTY_BODY = YES;
				CLANG_WARN_ENUM_CONVERSION = YES;
				CLANG_WARN_INFINITE_RECURSION = YES;
				CLANG_WARN_INT_CONVERSION = YES;
				CLANG_WARN_NON_LITERAL_NULL_CONVERSION = YES;
				CLANG_WARN_OBJC_IMPLICIT_RETAIN_SELF = YES;
				CLANG_WARN_OBJC_LITERAL_CONVERSION = YES;
				CLANG_WARN_OBJC_ROOT_CLASS = YES_ERROR;
				CLANG_WARN_RANGE_LOOP_ANALYSIS = YES;
				CLANG_WARN_STRICT_PROTOTYPES = YES;
				CLANG_WARN_SUSPICIOUS_MOVE = YES;
				CLANG_WARN_UNGUARDED_AVAILABILITY = YES_AGGRESSIVE;
				CLANG_WARN_UNREACHABLE_CODE = YES;
				CLANG_WARN__DUPLICATE_METHOD_MATCH = YES;
				CODE_SIGN_IDENTITY = "iPhone Developer";
				COPY_PHASE_STRIP = NO;
				DEBUG_INFORMATION_FORMAT = "dwarf-with-dsym";
				ENABLE_NS_ASSERTIONS = NO;
				ENABLE_STRICT_OBJC_MSGSEND = YES;
				GCC_C_LANGUAGE_STANDARD = gnu11;
				GCC_NO_COMMON_BLOCKS = YES;
				GCC_WARN_64_TO_32_BIT_CONVERSION = YES;
				GCC_WARN_ABOUT_RETURN_TYPE = YES_ERROR;
				GCC_WARN_UNDECLARED_SELECTOR = YES;
				GCC_WARN_UNINITIALIZED_AUTOS = YES_AGGRESSIVE;
				GCC_WARN_UNUSED_FUNCTION = YES;
				GCC_WARN_UNUSED_VARIABLE = YES;
				IPHONEOS_DEPLOYMENT_TARGET = 12.2;
				MTL_ENABLE_DEBUG_INFO = NO;
				MTL_FAST_MATH = YES;
				SDKROOT = iphoneos;
				SWIFT_COMPILATION_MODE = wholemodule;
				SWIFT_OPTIMIZATION_LEVEL = "-O";
				VALIDATE_PRODUCT = YES;
			};
			name = Release;
		};
		D349FC922299241A003AF4B9 /* Debug */ = {
			isa = XCBuildConfiguration;
			baseConfigurationReference = 3E264D51D8347A07CAB8BB5D /* Pods-SearchDiarySampler.debug.xcconfig */;
			buildSettings = {
				ASSETCATALOG_COMPILER_APPICON_NAME = AppIcon;
				CODE_SIGN_STYLE = Automatic;
				DEVELOPMENT_TEAM = 2X6AD4W323;
				INFOPLIST_FILE = "$(SRCROOT)/SearchDiarySampler/Resources/Plist/Info.plist";
				LD_RUNPATH_SEARCH_PATHS = (
					"$(inherited)",
					"@executable_path/Frameworks",
				);
				PRODUCT_BUNDLE_IDENTIFIER = "Fumiya-Tanaka.SearchDiarySampler";
				PRODUCT_NAME = "$(TARGET_NAME)";
				SWIFT_VERSION = 5.0;
				TARGETED_DEVICE_FAMILY = "1,2";
			};
			name = Debug;
		};
		D349FC932299241A003AF4B9 /* Release */ = {
			isa = XCBuildConfiguration;
			baseConfigurationReference = DA0FA0DDEB657E2AC64C2334 /* Pods-SearchDiarySampler.release.xcconfig */;
			buildSettings = {
				ASSETCATALOG_COMPILER_APPICON_NAME = AppIcon;
				CODE_SIGN_STYLE = Automatic;
				DEVELOPMENT_TEAM = 2X6AD4W323;
				INFOPLIST_FILE = "$(SRCROOT)/SearchDiarySampler/Resources/Plist/Info.plist";
				LD_RUNPATH_SEARCH_PATHS = (
					"$(inherited)",
					"@executable_path/Frameworks",
				);
				PRODUCT_BUNDLE_IDENTIFIER = "Fumiya-Tanaka.SearchDiarySampler";
				PRODUCT_NAME = "$(TARGET_NAME)";
				SWIFT_VERSION = 5.0;
				TARGETED_DEVICE_FAMILY = "1,2";
			};
			name = Release;
		};
		D349FC952299241A003AF4B9 /* Debug */ = {
			isa = XCBuildConfiguration;
			baseConfigurationReference = 764AEE3BD4FC02636F3DC239 /* Pods-SearchDiarySamplerTests.debug.xcconfig */;
			buildSettings = {
				ALWAYS_EMBED_SWIFT_STANDARD_LIBRARIES = YES;
				BUNDLE_LOADER = "$(TEST_HOST)";
				CODE_SIGN_STYLE = Automatic;
				DEVELOPMENT_TEAM = 2X6AD4W323;
				INFOPLIST_FILE = SearchDiarySamplerTests/Info.plist;
				LD_RUNPATH_SEARCH_PATHS = (
					"$(inherited)",
					"@executable_path/Frameworks",
					"@loader_path/Frameworks",
				);
				PRODUCT_BUNDLE_IDENTIFIER = "Fumiya-Tanaka.SearchDiarySamplerTests";
				PRODUCT_NAME = "$(TARGET_NAME)";
				SWIFT_VERSION = 5.0;
				TARGETED_DEVICE_FAMILY = "1,2";
				TEST_HOST = "$(BUILT_PRODUCTS_DIR)/SearchDiarySampler.app/SearchDiarySampler";
			};
			name = Debug;
		};
		D349FC962299241A003AF4B9 /* Release */ = {
			isa = XCBuildConfiguration;
			baseConfigurationReference = FFD54DD6658C01D20548476C /* Pods-SearchDiarySamplerTests.release.xcconfig */;
			buildSettings = {
				ALWAYS_EMBED_SWIFT_STANDARD_LIBRARIES = YES;
				BUNDLE_LOADER = "$(TEST_HOST)";
				CODE_SIGN_STYLE = Automatic;
				DEVELOPMENT_TEAM = 2X6AD4W323;
				INFOPLIST_FILE = SearchDiarySamplerTests/Info.plist;
				LD_RUNPATH_SEARCH_PATHS = (
					"$(inherited)",
					"@executable_path/Frameworks",
					"@loader_path/Frameworks",
				);
				PRODUCT_BUNDLE_IDENTIFIER = "Fumiya-Tanaka.SearchDiarySamplerTests";
				PRODUCT_NAME = "$(TARGET_NAME)";
				SWIFT_VERSION = 5.0;
				TARGETED_DEVICE_FAMILY = "1,2";
				TEST_HOST = "$(BUILT_PRODUCTS_DIR)/SearchDiarySampler.app/SearchDiarySampler";
			};
			name = Release;
		};
		D349FC982299241A003AF4B9 /* Debug */ = {
			isa = XCBuildConfiguration;
			baseConfigurationReference = 9FE8CD82B9F63502642B8297 /* Pods-SearchDiarySamplerUITests.debug.xcconfig */;
			buildSettings = {
				ALWAYS_EMBED_SWIFT_STANDARD_LIBRARIES = YES;
				CODE_SIGN_STYLE = Automatic;
				DEVELOPMENT_TEAM = 2X6AD4W323;
				INFOPLIST_FILE = SearchDiarySamplerUITests/Info.plist;
				LD_RUNPATH_SEARCH_PATHS = (
					"$(inherited)",
					"@executable_path/Frameworks",
					"@loader_path/Frameworks",
				);
				PRODUCT_BUNDLE_IDENTIFIER = "Fumiya-Tanaka.SearchDiarySamplerUITests";
				PRODUCT_NAME = "$(TARGET_NAME)";
				SWIFT_VERSION = 5.0;
				TARGETED_DEVICE_FAMILY = "1,2";
				TEST_TARGET_NAME = SearchDiarySampler;
			};
			name = Debug;
		};
		D349FC992299241A003AF4B9 /* Release */ = {
			isa = XCBuildConfiguration;
			baseConfigurationReference = FB860F0938437B73569F3BDD /* Pods-SearchDiarySamplerUITests.release.xcconfig */;
			buildSettings = {
				ALWAYS_EMBED_SWIFT_STANDARD_LIBRARIES = YES;
				CODE_SIGN_STYLE = Automatic;
				DEVELOPMENT_TEAM = 2X6AD4W323;
				INFOPLIST_FILE = SearchDiarySamplerUITests/Info.plist;
				LD_RUNPATH_SEARCH_PATHS = (
					"$(inherited)",
					"@executable_path/Frameworks",
					"@loader_path/Frameworks",
				);
				PRODUCT_BUNDLE_IDENTIFIER = "Fumiya-Tanaka.SearchDiarySamplerUITests";
				PRODUCT_NAME = "$(TARGET_NAME)";
				SWIFT_VERSION = 5.0;
				TARGETED_DEVICE_FAMILY = "1,2";
				TEST_TARGET_NAME = SearchDiarySampler;
			};
			name = Release;
		};
/* End XCBuildConfiguration section */

/* Begin XCConfigurationList section */
		D349FC6422992419003AF4B9 /* Build configuration list for PBXProject "SearchDiarySampler" */ = {
			isa = XCConfigurationList;
			buildConfigurations = (
				D349FC8F2299241A003AF4B9 /* Debug */,
				D349FC902299241A003AF4B9 /* Release */,
			);
			defaultConfigurationIsVisible = 0;
			defaultConfigurationName = Release;
		};
		D349FC912299241A003AF4B9 /* Build configuration list for PBXNativeTarget "SearchDiarySampler" */ = {
			isa = XCConfigurationList;
			buildConfigurations = (
				D349FC922299241A003AF4B9 /* Debug */,
				D349FC932299241A003AF4B9 /* Release */,
			);
			defaultConfigurationIsVisible = 0;
			defaultConfigurationName = Release;
		};
		D349FC942299241A003AF4B9 /* Build configuration list for PBXNativeTarget "SearchDiarySamplerTests" */ = {
			isa = XCConfigurationList;
			buildConfigurations = (
				D349FC952299241A003AF4B9 /* Debug */,
				D349FC962299241A003AF4B9 /* Release */,
			);
			defaultConfigurationIsVisible = 0;
			defaultConfigurationName = Release;
		};
		D349FC972299241A003AF4B9 /* Build configuration list for PBXNativeTarget "SearchDiarySamplerUITests" */ = {
			isa = XCConfigurationList;
			buildConfigurations = (
				D349FC982299241A003AF4B9 /* Debug */,
				D349FC992299241A003AF4B9 /* Release */,
			);
			defaultConfigurationIsVisible = 0;
			defaultConfigurationName = Release;
		};
/* End XCConfigurationList section */
	};
	rootObject = D349FC6122992419003AF4B9 /* Project object */;
}
